{
  "name": "advent-of-code",
  "version": "0.1.0",
  "lockfileVersion": 1,
  "requires": true,
  "dependencies": {
    "bs-platform": {
      "version": "7.0.0",
      "resolved": "https://registry.npmjs.org/bs-platform/-/bs-platform-7.0.0.tgz",
      "integrity": "sha512-3cPwrt/1hGjXuGS2HfVyd6oc6p/YpDOQIoLiFLRgrrB7/bnDNvbJn4XhO1PUyuRL4e7fc24R3xvA08BFDHZ6Gw==",
      "dev": true
    }
  }
}
